// !$*UTF8*$!
{
	archiveVersion = 1;
	classes = {
	};
	objectVersion = 46;
	objects = {

/* Begin PBXBuildFile section */
		C7A2CAB71E5E526D00981D77 /* AppDelegate.swift in Sources */ = {isa = PBXBuildFile; fileRef = C7A2CAB61E5E526D00981D77 /* AppDelegate.swift */; };
		C7A2CAB91E5E526D00981D77 /* ViewController.swift in Sources */ = {isa = PBXBuildFile; fileRef = C7A2CAB81E5E526D00981D77 /* ViewController.swift */; };
		C7A2CABC1E5E526D00981D77 /* Login.storyboard in Resources */ = {isa = PBXBuildFile; fileRef = C7A2CABA1E5E526D00981D77 /* Login.storyboard */; };
		C7A2CABE1E5E526D00981D77 /* Assets.xcassets in Resources */ = {isa = PBXBuildFile; fileRef = C7A2CABD1E5E526D00981D77 /* Assets.xcassets */; };
		C7A2CAC11E5E526D00981D77 /* LaunchScreen.storyboard in Resources */ = {isa = PBXBuildFile; fileRef = C7A2CABF1E5E526D00981D77 /* LaunchScreen.storyboard */; };
		C7A2CAC91E5E52E600981D77 /* Home.storyboard in Resources */ = {isa = PBXBuildFile; fileRef = C7A2CAC81E5E52E600981D77 /* Home.storyboard */; };
		C7A2CAD11E5E551C00981D77 /* Directory.storyboard in Resources */ = {isa = PBXBuildFile; fileRef = C7A2CAD01E5E551C00981D77 /* Directory.storyboard */; };
		C7A2CAD31E5E572300981D77 /* LoginViewController.swift in Sources */ = {isa = PBXBuildFile; fileRef = C7A2CAD21E5E572300981D77 /* LoginViewController.swift */; };
		C7A2CAD51E5E585E00981D77 /* RegistrationViewController.swift in Sources */ = {isa = PBXBuildFile; fileRef = C7A2CAD41E5E585E00981D77 /* RegistrationViewController.swift */; };
		C7A2CAD71E5E599E00981D77 /* OptionalViewController.swift in Sources */ = {isa = PBXBuildFile; fileRef = C7A2CAD61E5E599E00981D77 /* OptionalViewController.swift */; };
		C7A2CADA1E5E5AB400981D77 /* Events.storyboard in Resources */ = {isa = PBXBuildFile; fileRef = C7A2CAD91E5E5AB400981D77 /* Events.storyboard */; };
/* End PBXBuildFile section */

/* Begin PBXFileReference section */
		C7A2CAB31E5E526D00981D77 /* Purdue iOS Development Club.app */ = {isa = PBXFileReference; explicitFileType = wrapper.application; includeInIndex = 0; path = "Purdue iOS Development Club.app"; sourceTree = BUILT_PRODUCTS_DIR; };
		C7A2CAB61E5E526D00981D77 /* AppDelegate.swift */ = {isa = PBXFileReference; lastKnownFileType = sourcecode.swift; path = AppDelegate.swift; sourceTree = "<group>"; };
		C7A2CAB81E5E526D00981D77 /* ViewController.swift */ = {isa = PBXFileReference; lastKnownFileType = sourcecode.swift; path = ViewController.swift; sourceTree = "<group>"; };
		C7A2CABB1E5E526D00981D77 /* Base */ = {isa = PBXFileReference; lastKnownFileType = file.storyboard; name = Base; path = Base.lproj/Login.storyboard; sourceTree = "<group>"; };
		C7A2CABD1E5E526D00981D77 /* Assets.xcassets */ = {isa = PBXFileReference; lastKnownFileType = folder.assetcatalog; path = Assets.xcassets; sourceTree = "<group>"; };
		C7A2CAC01E5E526D00981D77 /* Base */ = {isa = PBXFileReference; lastKnownFileType = file.storyboard; name = Base; path = Base.lproj/LaunchScreen.storyboard; sourceTree = "<group>"; };
		C7A2CAC21E5E526D00981D77 /* Info.plist */ = {isa = PBXFileReference; lastKnownFileType = text.plist.xml; path = Info.plist; sourceTree = "<group>"; };
		C7A2CAC81E5E52E600981D77 /* Home.storyboard */ = {isa = PBXFileReference; fileEncoding = 4; lastKnownFileType = file.storyboard; path = Home.storyboard; sourceTree = "<group>"; };
		C7A2CAD01E5E551C00981D77 /* Directory.storyboard */ = {isa = PBXFileReference; fileEncoding = 4; lastKnownFileType = file.storyboard; path = Directory.storyboard; sourceTree = "<group>"; };
		C7A2CAD21E5E572300981D77 /* LoginViewController.swift */ = {isa = PBXFileReference; fileEncoding = 4; lastKnownFileType = sourcecode.swift; path = LoginViewController.swift; sourceTree = "<group>"; };
		C7A2CAD41E5E585E00981D77 /* RegistrationViewController.swift */ = {isa = PBXFileReference; fileEncoding = 4; lastKnownFileType = sourcecode.swift; path = RegistrationViewController.swift; sourceTree = "<group>"; };
		C7A2CAD61E5E599E00981D77 /* OptionalViewController.swift */ = {isa = PBXFileReference; fileEncoding = 4; lastKnownFileType = sourcecode.swift; path = OptionalViewController.swift; sourceTree = "<group>"; };
		C7A2CAD91E5E5AB400981D77 /* Events.storyboard */ = {isa = PBXFileReference; fileEncoding = 4; lastKnownFileType = file.storyboard; path = Events.storyboard; sourceTree = "<group>"; };
/* End PBXFileReference section */

/* Begin PBXFrameworksBuildPhase section */
		C7A2CAB01E5E526D00981D77 /* Frameworks */ = {
			isa = PBXFrameworksBuildPhase;
			buildActionMask = 2147483647;
			files = (
			);
			runOnlyForDeploymentPostprocessing = 0;
		};
/* End PBXFrameworksBuildPhase section */

/* Begin PBXGroup section */
		C7A2CAAA1E5E526D00981D77 = {
			isa = PBXGroup;
			children = (
				C7A2CAB51E5E526D00981D77 /* Purdue iOS Development Club */,
				C7A2CAB41E5E526D00981D77 /* Products */,
			);
			sourceTree = "<group>";
		};
		C7A2CAB41E5E526D00981D77 /* Products */ = {
			isa = PBXGroup;
			children = (
				C7A2CAB31E5E526D00981D77 /* Purdue iOS Development Club.app */,
			);
			name = Products;
			sourceTree = "<group>";
		};
		C7A2CAB51E5E526D00981D77 /* Purdue iOS Development Club */ = {
			isa = PBXGroup;
			children = (
				C7A2CAD81E5E5A9700981D77 /* Events */,
				C7A2CACF1E5E551000981D77 /* Directory */,
				C7A2CACB1E5E536500981D77 /* Home */,
				C7A2CACA1E5E535C00981D77 /* Login */,
				C7A2CAB61E5E526D00981D77 /* AppDelegate.swift */,
				C7A2CAB81E5E526D00981D77 /* ViewController.swift */,
				C7A2CABD1E5E526D00981D77 /* Assets.xcassets */,
				C7A2CABF1E5E526D00981D77 /* LaunchScreen.storyboard */,
				C7A2CAC21E5E526D00981D77 /* Info.plist */,
			);
			path = "Purdue iOS Development Club";
			sourceTree = "<group>";
		};
		C7A2CACA1E5E535C00981D77 /* Login */ = {
			isa = PBXGroup;
			children = (
				C7A2CABA1E5E526D00981D77 /* Login.storyboard */,
				C7A2CAD21E5E572300981D77 /* LoginViewController.swift */,
				C7A2CAD41E5E585E00981D77 /* RegistrationViewController.swift */,
				C7A2CAD61E5E599E00981D77 /* OptionalViewController.swift */,
			);
			name = Login;
			sourceTree = "<group>";
		};
		C7A2CACB1E5E536500981D77 /* Home */ = {
			isa = PBXGroup;
			children = (
				C7A2CAC81E5E52E600981D77 /* Home.storyboard */,
			);
			name = Home;
			sourceTree = "<group>";
		};
		C7A2CACF1E5E551000981D77 /* Directory */ = {
			isa = PBXGroup;
			children = (
				C7A2CAD01E5E551C00981D77 /* Directory.storyboard */,
			);
			name = Directory;
			sourceTree = "<group>";
		};
		C7A2CAD81E5E5A9700981D77 /* Events */ = {
			isa = PBXGroup;
			children = (
				C7A2CAD91E5E5AB400981D77 /* Events.storyboard */,
			);
			name = Events;
			sourceTree = "<group>";
		};
/* End PBXGroup section */

/* Begin PBXNativeTarget section */
		C7A2CAB21E5E526D00981D77 /* Purdue iOS Development Club */ = {
			isa = PBXNativeTarget;
			buildConfigurationList = C7A2CAC51E5E526D00981D77 /* Build configuration list for PBXNativeTarget "Purdue iOS Development Club" */;
			buildPhases = (
				C7A2CAAF1E5E526D00981D77 /* Sources */,
				C7A2CAB01E5E526D00981D77 /* Frameworks */,
				C7A2CAB11E5E526D00981D77 /* Resources */,
			);
			buildRules = (
			);
			dependencies = (
			);
			name = "Purdue iOS Development Club";
			productName = "Purdue iOS Development Club";
			productReference = C7A2CAB31E5E526D00981D77 /* Purdue iOS Development Club.app */;
			productType = "com.apple.product-type.application";
		};
/* End PBXNativeTarget section */

/* Begin PBXProject section */
		C7A2CAAB1E5E526D00981D77 /* Project object */ = {
			isa = PBXProject;
			attributes = {
				LastSwiftUpdateCheck = 0830;
				LastUpgradeCheck = 0830;
				ORGANIZATIONNAME = "Siraj Zaneer";
				TargetAttributes = {
					C7A2CAB21E5E526D00981D77 = {
						CreatedOnToolsVersion = 8.3;
						DevelopmentTeam = 3YC9K4952Y;
						ProvisioningStyle = Automatic;
					};
				};
			};
			buildConfigurationList = C7A2CAAE1E5E526D00981D77 /* Build configuration list for PBXProject "Purdue iOS Development Club" */;
			compatibilityVersion = "Xcode 3.2";
			developmentRegion = English;
			hasScannedForEncodings = 0;
			knownRegions = (
				en,
				Base,
			);
			mainGroup = C7A2CAAA1E5E526D00981D77;
			productRefGroup = C7A2CAB41E5E526D00981D77 /* Products */;
			projectDirPath = "";
			projectRoot = "";
			targets = (
				C7A2CAB21E5E526D00981D77 /* Purdue iOS Development Club */,
			);
		};
/* End PBXProject section */

/* Begin PBXResourcesBuildPhase section */
		C7A2CAB11E5E526D00981D77 /* Resources */ = {
			isa = PBXResourcesBuildPhase;
			buildActionMask = 2147483647;
			files = (
				C7A2CAC11E5E526D00981D77 /* LaunchScreen.storyboard in Resources */,
				C7A2CAD11E5E551C00981D77 /* Directory.storyboard in Resources */,
				C7A2CABE1E5E526D00981D77 /* Assets.xcassets in Resources */,
				C7A2CABC1E5E526D00981D77 /* Login.storyboard in Resources */,
				C7A2CAC91E5E52E600981D77 /* Home.storyboard in Resources */,
				C7A2CADA1E5E5AB400981D77 /* Events.storyboard in Resources */,
			);
			runOnlyForDeploymentPostprocessing = 0;
		};
/* End PBXResourcesBuildPhase section */

/* Begin PBXSourcesBuildPhase section */
		C7A2CAAF1E5E526D00981D77 /* Sources */ = {
			isa = PBXSourcesBuildPhase;
			buildActionMask = 2147483647;
			files = (
				C7A2CAD31E5E572300981D77 /* LoginViewController.swift in Sources */,
				C7A2CAD71E5E599E00981D77 /* OptionalViewController.swift in Sources */,
				C7A2CAB91E5E526D00981D77 /* ViewController.swift in Sources */,
				C7A2CAD51E5E585E00981D77 /* RegistrationViewController.swift in Sources */,
				C7A2CAB71E5E526D00981D77 /* AppDelegate.swift in Sources */,
			);
			runOnlyForDeploymentPostprocessing = 0;
		};
/* End PBXSourcesBuildPhase section */

/* Begin PBXVariantGroup section */
		C7A2CABA1E5E526D00981D77 /* Login.storyboard */ = {
			isa = PBXVariantGroup;
			children = (
				C7A2CABB1E5E526D00981D77 /* Base */,
			);
			name = Login.storyboard;
			sourceTree = "<group>";
		};
		C7A2CABF1E5E526D00981D77 /* LaunchScreen.storyboard */ = {
			isa = PBXVariantGroup;
			children = (
				C7A2CAC01E5E526D00981D77 /* Base */,
			);
			name = LaunchScreen.storyboard;
			sourceTree = "<group>";
		};
/* End PBXVariantGroup section */

/* Begin XCBuildConfiguration section */
		C7A2CAC31E5E526D00981D77 /* Debug */ = {
			isa = XCBuildConfiguration;
			buildSettings = {
				ALWAYS_SEARCH_USER_PATHS = NO;
				CLANG_ANALYZER_NONNULL = YES;
				CLANG_ANALYZER_NUMBER_OBJECT_CONVERSION = YES_AGGRESSIVE;
				CLANG_CXX_LANGUAGE_STANDARD = "gnu++0x";
				CLANG_CXX_LIBRARY = "libc++";
				CLANG_ENABLE_MODULES = YES;
				CLANG_ENABLE_OBJC_ARC = YES;
				CLANG_WARN_BOOL_CONVERSION = YES;
				CLANG_WARN_CONSTANT_CONVERSION = YES;
				CLANG_WARN_DIRECT_OBJC_ISA_USAGE = YES_ERROR;
				CLANG_WARN_DOCUMENTATION_COMMENTS = YES;
				CLANG_WARN_EMPTY_BODY = YES;
				CLANG_WARN_ENUM_CONVERSION = YES;
				CLANG_WARN_INFINITE_RECURSION = YES;
				CLANG_WARN_INT_CONVERSION = YES;
				CLANG_WARN_OBJC_ROOT_CLASS = YES_ERROR;
				CLANG_WARN_SUSPICIOUS_MOVE = YES;
				CLANG_WARN_UNREACHABLE_CODE = YES;
				CLANG_WARN__DUPLICATE_METHOD_MATCH = YES;
				"CODE_SIGN_IDENTITY[sdk=iphoneos*]" = "iPhone Developer";
				COPY_PHASE_STRIP = NO;
				DEBUG_INFORMATION_FORMAT = dwarf;
				ENABLE_STRICT_OBJC_MSGSEND = YES;
				ENABLE_TESTABILITY = YES;
				GCC_C_LANGUAGE_STANDARD = gnu99;
				GCC_DYNAMIC_NO_PIC = NO;
				GCC_NO_COMMON_BLOCKS = YES;
				GCC_OPTIMIZATION_LEVEL = 0;
				GCC_PREPROCESSOR_DEFINITIONS = (
					"DEBUG=1",
					"$(inherited)",
				);
				GCC_WARN_64_TO_32_BIT_CONVERSION = YES;
				GCC_WARN_ABOUT_RETURN_TYPE = YES_ERROR;
				GCC_WARN_UNDECLARED_SELECTOR = YES;
				GCC_WARN_UNINITIALIZED_AUTOS = YES_AGGRESSIVE;
				GCC_WARN_UNUSED_FUNCTION = YES;
				GCC_WARN_UNUSED_VARIABLE = YES;
				IPHONEOS_DEPLOYMENT_TARGET = 10.3;
				MTL_ENABLE_DEBUG_INFO = YES;
				ONLY_ACTIVE_ARCH = YES;
				SDKROOT = iphoneos;
				SWIFT_ACTIVE_COMPILATION_CONDITIONS = DEBUG;
				SWIFT_OPTIMIZATION_LEVEL = "-Onone";
			};
			name = Debug;
		};
		C7A2CAC41E5E526D00981D77 /* Release */ = {
			isa = XCBuildConfiguration;
			buildSettings = {
				ALWAYS_SEARCH_USER_PATHS = NO;
				CLANG_ANALYZER_NONNULL = YES;
				CLANG_ANALYZER_NUMBER_OBJECT_CONVERSION = YES_AGGRESSIVE;
				CLANG_CXX_LANGUAGE_STANDARD = "gnu++0x";
				CLANG_CXX_LIBRARY = "libc++";
				CLANG_ENABLE_MODULES = YES;
				CLANG_ENABLE_OBJC_ARC = YES;
				CLANG_WARN_BOOL_CONVERSION = YES;
				CLANG_WARN_CONSTANT_CONVERSION = YES;
				CLANG_WARN_DIRECT_OBJC_ISA_USAGE = YES_ERROR;
				CLANG_WARN_DOCUMENTATION_COMMENTS = YES;
				CLANG_WARN_EMPTY_BODY = YES;
				CLANG_WARN_ENUM_CONVERSION = YES;
				CLANG_WARN_INFINITE_RECURSION = YES;
				CLANG_WARN_INT_CONVERSION = YES;
				CLANG_WARN_OBJC_ROOT_CLASS = YES_ERROR;
				CLANG_WARN_SUSPICIOUS_MOVE = YES;
				CLANG_WARN_UNREACHABLE_CODE = YES;
				CLANG_WARN__DUPLICATE_METHOD_MATCH = YES;
				"CODE_SIGN_IDENTITY[sdk=iphoneos*]" = "iPhone Developer";
				COPY_PHASE_STRIP = NO;
				DEBUG_INFORMATION_FORMAT = "dwarf-with-dsym";
				ENABLE_NS_ASSERTIONS = NO;
				ENABLE_STRICT_OBJC_MSGSEND = YES;
				GCC_C_LANGUAGE_STANDARD = gnu99;
				GCC_NO_COMMON_BLOCKS = YES;
				GCC_WARN_64_TO_32_BIT_CONVERSION = YES;
				GCC_WARN_ABOUT_RETURN_TYPE = YES_ERROR;
				GCC_WARN_UNDECLARED_SELECTOR = YES;
				GCC_WARN_UNINITIALIZED_AUTOS = YES_AGGRESSIVE;
				GCC_WARN_UNUSED_FUNCTION = YES;
				GCC_WARN_UNUSED_VARIABLE = YES;
				IPHONEOS_DEPLOYMENT_TARGET = 10.3;
				MTL_ENABLE_DEBUG_INFO = NO;
				SDKROOT = iphoneos;
				SWIFT_OPTIMIZATION_LEVEL = "-Owholemodule";
				VALIDATE_PRODUCT = YES;
			};
			name = Release;
		};
		C7A2CAC61E5E526D00981D77 /* Debug */ = {
			isa = XCBuildConfiguration;
			buildSettings = {
				ASSETCATALOG_COMPILER_APPICON_NAME = AppIcon;
				DEVELOPMENT_TEAM = 3YC9K4952Y;
				INFOPLIST_FILE = "Purdue iOS Development Club/Info.plist";
				LD_RUNPATH_SEARCH_PATHS = "$(inherited) @executable_path/Frameworks";
				PRODUCT_BUNDLE_IDENTIFIER = "com.sirajzaneer.Purdue-iOS-Development-Club";
				PRODUCT_NAME = "$(TARGET_NAME)";
				SWIFT_VERSION = 3.0;
			};
			name = Debug;
		};
		C7A2CAC71E5E526D00981D77 /* Release */ = {
			isa = XCBuildConfiguration;
			buildSettings = {
				ASSETCATALOG_COMPILER_APPICON_NAME = AppIcon;
				DEVELOPMENT_TEAM = 3YC9K4952Y;
				INFOPLIST_FILE = "Purdue iOS Development Club/Info.plist";
				LD_RUNPATH_SEARCH_PATHS = "$(inherited) @executable_path/Frameworks";
				PRODUCT_BUNDLE_IDENTIFIER = "com.sirajzaneer.Purdue-iOS-Development-Club";
				PRODUCT_NAME = "$(TARGET_NAME)";
				SWIFT_VERSION = 3.0;
			};
			name = Release;
		};
/* End XCBuildConfiguration section */

/* Begin XCConfigurationList section */
		C7A2CAAE1E5E526D00981D77 /* Build configuration list for PBXProject "Purdue iOS Development Club" */ = {
			isa = XCConfigurationList;
			buildConfigurations = (
				C7A2CAC31E5E526D00981D77 /* Debug */,
				C7A2CAC41E5E526D00981D77 /* Release */,
			);
			defaultConfigurationIsVisible = 0;
			defaultConfigurationName = Release;
		};
		C7A2CAC51E5E526D00981D77 /* Build configuration list for PBXNativeTarget "Purdue iOS Development Club" */ = {
			isa = XCConfigurationList;
			buildConfigurations = (
				C7A2CAC61E5E526D00981D77 /* Debug */,
				C7A2CAC71E5E526D00981D77 /* Release */,
			);
			defaultConfigurationIsVisible = 0;
		};
/* End XCConfigurationList section */
	};
	rootObject = C7A2CAAB1E5E526D00981D77 /* Project object */;
}
